
Microsoft Visual Studio Solution File, Format Version 12.00
# Visual Studio Version 17
VisualStudioVersion = 17.8.34511.84
MinimumVisualStudioVersion = 10.0.40219.1
Project("{FAE04EC0-301F-11D3-BF4B-00C04F79EFBC}") = "DemoMVC", "DemoMVC\DemoMVC.csproj", "{DEEB20CF-6255-4305-A15E-74BDA967446D}"
EndProject
Global
	GlobalSection(SolutionConfigurationPlatforms) = preSolution
		Debug|Any CPU = Debug|Any CPU
		Release|Any CPU = Release|Any CPU
	EndGlobalSection
	GlobalSection(ProjectConfigurationPlatforms) = postSolution
		{DEEB20CF-6255-4305-A15E-74BDA967446D}.Debug|Any CPU.ActiveCfg = Debug|Any CPU
		{DEEB20CF-6255-4305-A15E-74BDA967446D}.Debug|Any CPU.Build.0 = Debug|Any CPU
		{DEEB20CF-6255-4305-A15E-74BDA967446D}.Release|Any CPU.ActiveCfg = Release|Any CPU
		{DEEB20CF-6255-4305-A15E-74BDA967446D}.Release|Any CPU.Build.0 = Release|Any CPU
	EndGlobalSection
	GlobalSection(SolutionProperties) = preSolution
		HideSolutionNode = FALSE
	EndGlobalSection
	GlobalSection(ExtensibilityGlobals) = postSolution
		SolutionGuid = {1E43F060-47C2-436D-8823-32AC3B3D69C0}
	EndGlobalSection
EndGlobal
